
Microsoft Visual Studio Solution File, Format Version 12.00
# Visual Studio Version 16
VisualStudioVersion = 16.0.30503.244
MinimumVisualStudioVersion = 10.0.40219.1
Project("{FAE04EC0-301F-11D3-BF4B-00C04F79EFBC}") = "Session08CollectionsExample", "Session08CollectionsExample\Session08CollectionsExample.csproj", "{0AC0808A-DE4C-4C4B-903E-6C89063C2B61}"
EndProject
Project("{FAE04EC0-301F-11D3-BF4B-00C04F79EFBC}") = "Session08Types", "Session08Types\Session08Types.csproj", "{541E8288-FAA1-44BD-A55B-9AA1B032EFCB}"
EndProject
Global
	GlobalSection(SolutionConfigurationPlatforms) = preSolution
		Debug|Any CPU = Debug|Any CPU
		Release|Any CPU = Release|Any CPU
	EndGlobalSection
	GlobalSection(ProjectConfigurationPlatforms) = postSolution
		{0AC0808A-DE4C-4C4B-903E-6C89063C2B61}.Debug|Any CPU.ActiveCfg = Debug|Any CPU
		{0AC0808A-DE4C-4C4B-903E-6C89063C2B61}.Debug|Any CPU.Build.0 = Debug|Any CPU
		{0AC0808A-DE4C-4C4B-903E-6C89063C2B61}.Release|Any CPU.ActiveCfg = Release|Any CPU
		{0AC0808A-DE4C-4C4B-903E-6C89063C2B61}.Release|Any CPU.Build.0 = Release|Any CPU
		{541E8288-FAA1-44BD-A55B-9AA1B032EFCB}.Debug|Any CPU.ActiveCfg = Debug|Any CPU
		{541E8288-FAA1-44BD-A55B-9AA1B032EFCB}.Debug|Any CPU.Build.0 = Debug|Any CPU
		{541E8288-FAA1-44BD-A55B-9AA1B032EFCB}.Release|Any CPU.ActiveCfg = Release|Any CPU
		{541E8288-FAA1-44BD-A55B-9AA1B032EFCB}.Release|Any CPU.Build.0 = Release|Any CPU
	EndGlobalSection
	GlobalSection(SolutionProperties) = preSolution
		HideSolutionNode = FALSE
	EndGlobalSection
	GlobalSection(ExtensibilityGlobals) = postSolution
		SolutionGuid = {D7B4AF11-E7B9-43B8-AD4F-9342C51E7767}
	EndGlobalSection
EndGlobal
