
Microsoft Visual Studio Solution File, Format Version 12.00
# Visual Studio Version 16
VisualStudioVersion = 16.0.30406.217
MinimumVisualStudioVersion = 10.0.40219.1
Project("{FAE04EC0-301F-11D3-BF4B-00C04F79EFBC}") = "Session02Exercise01", "Session02Exercise01\Session02Exercise01.csproj", "{123504AE-D324-4D03-AA6A-8134195242EE}"
EndProject
Global
	GlobalSection(SolutionConfigurationPlatforms) = preSolution
		Debug|Any CPU = Debug|Any CPU
		Release|Any CPU = Release|Any CPU
	EndGlobalSection
	GlobalSection(ProjectConfigurationPlatforms) = postSolution
		{123504AE-D324-4D03-AA6A-8134195242EE}.Debug|Any CPU.ActiveCfg = Debug|Any CPU
		{123504AE-D324-4D03-AA6A-8134195242EE}.Debug|Any CPU.Build.0 = Debug|Any CPU
		{123504AE-D324-4D03-AA6A-8134195242EE}.Release|Any CPU.ActiveCfg = Release|Any CPU
		{123504AE-D324-4D03-AA6A-8134195242EE}.Release|Any CPU.Build.0 = Release|Any CPU
	EndGlobalSection
	GlobalSection(SolutionProperties) = preSolution
		HideSolutionNode = FALSE
	EndGlobalSection
	GlobalSection(ExtensibilityGlobals) = postSolution
		SolutionGuid = {C2635646-CDE6-40FD-9EF8-24D401F1DC5A}
	EndGlobalSection
EndGlobal
