
Microsoft Visual Studio Solution File, Format Version 12.00
# Visual Studio Version 16
VisualStudioVersion = 16.0.30406.217
MinimumVisualStudioVersion = 10.0.40219.1
Project("{9A19103F-16F7-4668-BE54-9A1E7A4F7556}") = "Session05Example01", "Session05Example01\Session05Example01.csproj", "{4149068F-8A5B-43EC-BE1C-1DD8B46DDF2D}"
EndProject
Project("{9A19103F-16F7-4668-BE54-9A1E7A4F7556}") = "Session05Animals", "Session05Animals\Session05Animals.csproj", "{FAFCF653-001D-4678-8079-618550DE17C1}"
EndProject
Project("{FAE04EC0-301F-11D3-BF4B-00C04F79EFBC}") = "Session05AnimalDisplay", "Session05AnimalDisplay\Session05AnimalDisplay.csproj", "{F755047D-7C21-4F61-9E55-30F7E5C1B961}"
EndProject
Global
	GlobalSection(SolutionConfigurationPlatforms) = preSolution
		Debug|Any CPU = Debug|Any CPU
		Release|Any CPU = Release|Any CPU
	EndGlobalSection
	GlobalSection(ProjectConfigurationPlatforms) = postSolution
		{4149068F-8A5B-43EC-BE1C-1DD8B46DDF2D}.Debug|Any CPU.ActiveCfg = Debug|Any CPU
		{4149068F-8A5B-43EC-BE1C-1DD8B46DDF2D}.Debug|Any CPU.Build.0 = Debug|Any CPU
		{4149068F-8A5B-43EC-BE1C-1DD8B46DDF2D}.Release|Any CPU.ActiveCfg = Release|Any CPU
		{4149068F-8A5B-43EC-BE1C-1DD8B46DDF2D}.Release|Any CPU.Build.0 = Release|Any CPU
		{FAFCF653-001D-4678-8079-618550DE17C1}.Debug|Any CPU.ActiveCfg = Debug|Any CPU
		{FAFCF653-001D-4678-8079-618550DE17C1}.Debug|Any CPU.Build.0 = Debug|Any CPU
		{FAFCF653-001D-4678-8079-618550DE17C1}.Release|Any CPU.ActiveCfg = Release|Any CPU
		{FAFCF653-001D-4678-8079-618550DE17C1}.Release|Any CPU.Build.0 = Release|Any CPU
		{F755047D-7C21-4F61-9E55-30F7E5C1B961}.Debug|Any CPU.ActiveCfg = Debug|Any CPU
		{F755047D-7C21-4F61-9E55-30F7E5C1B961}.Debug|Any CPU.Build.0 = Debug|Any CPU
		{F755047D-7C21-4F61-9E55-30F7E5C1B961}.Release|Any CPU.ActiveCfg = Release|Any CPU
		{F755047D-7C21-4F61-9E55-30F7E5C1B961}.Release|Any CPU.Build.0 = Release|Any CPU
	EndGlobalSection
	GlobalSection(SolutionProperties) = preSolution
		HideSolutionNode = FALSE
	EndGlobalSection
	GlobalSection(ExtensibilityGlobals) = postSolution
		SolutionGuid = {475F2FA4-AAEA-45EC-ACFA-97A7A2C723E3}
	EndGlobalSection
EndGlobal
