
Microsoft Visual Studio Solution File, Format Version 12.00
# Visual Studio Version 16
VisualStudioVersion = 16.0.30517.126
MinimumVisualStudioVersion = 10.0.40219.1
Project("{FAE04EC0-301F-11D3-BF4B-00C04F79EFBC}") = "Session11Xml", "Session11Xml\Session11Xml.csproj", "{58702A78-776C-495E-A852-EAD876D526A4}"
EndProject
Project("{FAE04EC0-301F-11D3-BF4B-00C04F79EFBC}") = "Session11Json", "Session11Json\Session11Json.csproj", "{AD3D136B-5063-4360-8D45-C78B0890438A}"
EndProject
Global
	GlobalSection(SolutionConfigurationPlatforms) = preSolution
		Debug|Any CPU = Debug|Any CPU
		Release|Any CPU = Release|Any CPU
	EndGlobalSection
	GlobalSection(ProjectConfigurationPlatforms) = postSolution
		{58702A78-776C-495E-A852-EAD876D526A4}.Debug|Any CPU.ActiveCfg = Debug|Any CPU
		{58702A78-776C-495E-A852-EAD876D526A4}.Debug|Any CPU.Build.0 = Debug|Any CPU
		{58702A78-776C-495E-A852-EAD876D526A4}.Release|Any CPU.ActiveCfg = Release|Any CPU
		{58702A78-776C-495E-A852-EAD876D526A4}.Release|Any CPU.Build.0 = Release|Any CPU
		{AD3D136B-5063-4360-8D45-C78B0890438A}.Debug|Any CPU.ActiveCfg = Debug|Any CPU
		{AD3D136B-5063-4360-8D45-C78B0890438A}.Debug|Any CPU.Build.0 = Debug|Any CPU
		{AD3D136B-5063-4360-8D45-C78B0890438A}.Release|Any CPU.ActiveCfg = Release|Any CPU
		{AD3D136B-5063-4360-8D45-C78B0890438A}.Release|Any CPU.Build.0 = Release|Any CPU
	EndGlobalSection
	GlobalSection(SolutionProperties) = preSolution
		HideSolutionNode = FALSE
	EndGlobalSection
	GlobalSection(ExtensibilityGlobals) = postSolution
		SolutionGuid = {44DA5A25-3366-4E90-BAC1-4440DFC54F40}
	EndGlobalSection
EndGlobal
